
Microsoft Visual Studio Solution File, Format Version 12.00
# Visual Studio 15
VisualStudioVersion = 15.0.26430.15
MinimumVisualStudioVersion = 10.0.40219.1
Project("{FAE04EC0-301F-11D3-BF4B-00C04F79EFBC}") = "Project", "Project\Project.csproj", "{0C739646-89FD-45C4-824A-27202DAD1CD6}"
EndProject
Project("{FAE04EC0-301F-11D3-BF4B-00C04F79EFBC}") = "Model", "Model\Model.csproj", "{97867E77-2D8B-444D-B4E9-0E84779A60C3}"
EndProject
Project("{FAE04EC0-301F-11D3-BF4B-00C04F79EFBC}") = "Helper", "Helper\Helper.csproj", "{2542D688-9304-4E72-93EA-621ABA6933B7}"
EndProject
Global
	GlobalSection(SolutionConfigurationPlatforms) = preSolution
		Debug|Any CPU = Debug|Any CPU
		Release|Any CPU = Release|Any CPU
	EndGlobalSection
	GlobalSection(ProjectConfigurationPlatforms) = postSolution
		{0C739646-89FD-45C4-824A-27202DAD1CD6}.Debug|Any CPU.ActiveCfg = Debug|Any CPU
		{0C739646-89FD-45C4-824A-27202DAD1CD6}.Debug|Any CPU.Build.0 = Debug|Any CPU
		{0C739646-89FD-45C4-824A-27202DAD1CD6}.Release|Any CPU.ActiveCfg = Release|Any CPU
		{0C739646-89FD-45C4-824A-27202DAD1CD6}.Release|Any CPU.Build.0 = Release|Any CPU
		{97867E77-2D8B-444D-B4E9-0E84779A60C3}.Debug|Any CPU.ActiveCfg = Debug|Any CPU
		{97867E77-2D8B-444D-B4E9-0E84779A60C3}.Debug|Any CPU.Build.0 = Debug|Any CPU
		{97867E77-2D8B-444D-B4E9-0E84779A60C3}.Release|Any CPU.ActiveCfg = Release|Any CPU
		{97867E77-2D8B-444D-B4E9-0E84779A60C3}.Release|Any CPU.Build.0 = Release|Any CPU
		{2542D688-9304-4E72-93EA-621ABA6933B7}.Debug|Any CPU.ActiveCfg = Debug|Any CPU
		{2542D688-9304-4E72-93EA-621ABA6933B7}.Debug|Any CPU.Build.0 = Debug|Any CPU
		{2542D688-9304-4E72-93EA-621ABA6933B7}.Release|Any CPU.ActiveCfg = Release|Any CPU
		{2542D688-9304-4E72-93EA-621ABA6933B7}.Release|Any CPU.Build.0 = Release|Any CPU
	EndGlobalSection
	GlobalSection(SolutionProperties) = preSolution
		HideSolutionNode = FALSE
	EndGlobalSection
EndGlobal
